<?xml version="1.0" encoding="UTF-8" standalone="yes" ?>
<CodeBlocks_project_file>
	<FileVersion major="1" minor="6" />
	<Project>
		<Option title="test_hatem" />
		<Option pch_mode="2" />
		<Option compiler="arm-elf-gcc" />
		<Build>
			<Target title="Debug">
				<Option output="bin/Debug/test_hatem" prefix_auto="1" extension_auto="1" />
				<Option object_output="obj/Debug/" />
				<Option type="1" />
				<Option compiler="arm-elf-gcc" />
				<Compiler>
					<Add option="-g" />
				</Compiler>
			</Target>
			<Target title="Release">
				<Option output="bin/Release/test_hatem" prefix_auto="1" extension_auto="1" />
				<Option object_output="obj/Release/" />
				<Option type="1" />
				<Option compiler="arm-elf-gcc" />
				<Compiler>
					<Add option="-O2" />
				</Compiler>
				<Linker>
					<Add option="-s" />
				</Linker>
			</Target>
		</Build>
		<Compiler>
			<Add option="-Wall" />
			<Add directory="C:/altera/14.1/embedded/ip/altera/hps/altera_hps/hwlib/include" />
		</Compiler>
		<Linker>
			<Add directory="C:/altera/14.1/embedded/ip/altera/hps/altera_hps/hwlib/include" />
		</Linker>
		<Unit filename="../ana_opt_2/device.c">
			<Option compilerVar="CC" />
		</Unit>
		<Unit filename="../ana_opt_2/device.h" />
		<Unit filename="../ana_opt_2/hps_0.h" />
		<Unit filename="../ana_opt_2/psoc_port.c">
			<Option compilerVar="CC" />
		</Unit>
		<Unit filename="../ana_opt_2/psoc_port.h" />
		<Unit filename="../ana_opt_2/set_config.c">
			<Option compilerVar="CC" />
		</Unit>
		<Unit filename="../ana_opt_2/set_config.h" />
		<Unit filename="../ana_opt_2/test_adc.c">
			<Option compilerVar="CC" />
		</Unit>
		<Unit filename="../ana_opt_2/test_adc.h" />
		<Unit filename="get_resp_h3.c">
			<Option compilerVar="CC" />
		</Unit>
		<Unit filename="test_1.c">
			<Option compilerVar="CC" />
			<Option compile="0" />
			<Option link="0" />
		</Unit>
		<Unit filename="tune_adc_2d_h3.c">
			<Option compilerVar="CC" />
			<Option compile="0" />
			<Option link="0" />
		</Unit>
		<Extensions>
			<code_completion />
			<envvars />
			<debugger />
			<lib_finder disable_auto="1" />
		</Extensions>
	</Project>
</CodeBlocks_project_file>
